
Microsoft Visual Studio Solution File, Format Version 12.00
# Visual Studio Version 17
VisualStudioVersion = 17.11.35431.28
MinimumVisualStudioVersion = 10.0.40219.1
Project("{2150E333-8FDC-42A3-9474-1A3956D46DE8}") = "src", "src", "{1E2F32A3-827B-4F00-82E9-FE337060A387}"
EndProject
Project("{2150E333-8FDC-42A3-9474-1A3956D46DE8}") = "Wallet", "Wallet", "{8D10916D-08E7-4473-BB93-4B2500464D8B}"
EndProject
Project("{9A19103F-16F7-4668-BE54-9A1E7A4F7556}") = "Wallet.Domain", "src\Wallet.Domain\Wallet.Domain.csproj", "{69A57F8E-1731-4A24-983D-06114523B348}"
EndProject
Project("{2150E333-8FDC-42A3-9474-1A3956D46DE8}") = "Family", "Family", "{8DBE6BD6-2C60-44C9-8F3F-778387D5252D}"
EndProject
Project("{FAE04EC0-301F-11D3-BF4B-00C04F79EFBC}") = "Family.Domain", "src\Family.Domain\Family.Domain.csproj", "{FB68A914-6512-49B1-A029-1D128C0DEA2A}"
EndProject
Global
	GlobalSection(SolutionConfigurationPlatforms) = preSolution
		Debug|Any CPU = Debug|Any CPU
		Release|Any CPU = Release|Any CPU
	EndGlobalSection
	GlobalSection(ProjectConfigurationPlatforms) = postSolution
		{69A57F8E-1731-4A24-983D-06114523B348}.Debug|Any CPU.ActiveCfg = Debug|Any CPU
		{69A57F8E-1731-4A24-983D-06114523B348}.Debug|Any CPU.Build.0 = Debug|Any CPU
		{69A57F8E-1731-4A24-983D-06114523B348}.Release|Any CPU.ActiveCfg = Release|Any CPU
		{69A57F8E-1731-4A24-983D-06114523B348}.Release|Any CPU.Build.0 = Release|Any CPU
		{FB68A914-6512-49B1-A029-1D128C0DEA2A}.Debug|Any CPU.ActiveCfg = Debug|Any CPU
		{FB68A914-6512-49B1-A029-1D128C0DEA2A}.Debug|Any CPU.Build.0 = Debug|Any CPU
		{FB68A914-6512-49B1-A029-1D128C0DEA2A}.Release|Any CPU.ActiveCfg = Release|Any CPU
		{FB68A914-6512-49B1-A029-1D128C0DEA2A}.Release|Any CPU.Build.0 = Release|Any CPU
	EndGlobalSection
	GlobalSection(SolutionProperties) = preSolution
		HideSolutionNode = FALSE
	EndGlobalSection
	GlobalSection(NestedProjects) = preSolution
		{8D10916D-08E7-4473-BB93-4B2500464D8B} = {1E2F32A3-827B-4F00-82E9-FE337060A387}
		{69A57F8E-1731-4A24-983D-06114523B348} = {8D10916D-08E7-4473-BB93-4B2500464D8B}
		{8DBE6BD6-2C60-44C9-8F3F-778387D5252D} = {1E2F32A3-827B-4F00-82E9-FE337060A387}
		{FB68A914-6512-49B1-A029-1D128C0DEA2A} = {8DBE6BD6-2C60-44C9-8F3F-778387D5252D}
	EndGlobalSection
	GlobalSection(ExtensibilityGlobals) = postSolution
		SolutionGuid = {9B4610B1-FC8C-4930-8BEC-F4B2FE0EA858}
	EndGlobalSection
EndGlobal
